{
  "name": "Jeopardy",
  "lockfileVersion": 2,
  "requires": true,
  "packages": {
    "": {
      "dependencies": {
        "life": "^1.0.0"
      }
    },
    "node_modules/life": {
      "version": "1.0.0",
      "resolved": "https://registry.npmjs.org/life/-/life-1.0.0.tgz",
      "integrity": "sha512-C6+Uy/LY4wl+4ZQkl8EPrkKAgBAkaWhVnXXmXiD8osbRKMsYMiTurHWSqtmfJGd8nXEJh6Po9PS/u/+kbPirGQ=="
    }
  },
  "dependencies": {
    "life": {
      "version": "1.0.0",
      "resolved": "https://registry.npmjs.org/life/-/life-1.0.0.tgz",
      "integrity": "sha512-C6+Uy/LY4wl+4ZQkl8EPrkKAgBAkaWhVnXXmXiD8osbRKMsYMiTurHWSqtmfJGd8nXEJh6Po9PS/u/+kbPirGQ=="
    }
  }
}
